{
  "version": 1,
  "dependencies": {
    "net10.0": {
      "Avalonia.Headless.XUnit": {
        "type": "Direct",
        "requested": "[11.3.21, )",
        "resolved": "11.3.21",
        "contentHash": "GdtrSLLdSEC07eRZ+FGXWJageD+KMClF7uJrPUSJPhRRSRJ9hRsTi3DACN5yw1VAefgfDQfAsmiLuPWseq4Suw==",
        "dependencies": {
          "Avalonia.Headless": "11.3.21",
          "xunit.core": "2.4.0"
        }
      },
      "Microsoft.NET.Test.Sdk": {
        "type": "Direct",
        "requested": "[18.0.1, )",
        "resolved": "18.0.1",
        "contentHash": "WNpu6vI2rA0pXY4r7NKxCN16XRWl5uHu6qjuyVLoDo6oYEggIQefrMjkRuibQHm/NslIUNCcKftvoWAN80MSAg==",
        "dependencies": {
          "Microsoft.CodeCoverage": "18.0.1",
          "Microsoft.TestPlatform.TestHost": "18.0.1"
        }
      },
      "xunit": {
        "type": "Direct",
        "requested": "[2.9.3, )",
        "resolved": "2.9.3",
        "contentHash": "TlXQBinK35LpOPKHAqbLY4xlEen9TBafjs0V5KnA4wZsoQLQJiirCR4CbIXvOH8NzkW4YeJKP5P/Bnrodm0h9Q==",
        "dependencies": {
          "xunit.analyzers": "1.18.0",
          "xunit.assert": "2.9.3",
          "xunit.core": "[2.9.3]"
        }
      },
      "xunit.runner.visualstudio": {
        "type": "Direct",
        "requested": "[3.1.5, )",
        "resolved": "3.1.5",
        "contentHash": "tKi7dSTwP4m5m9eXPM2Ime4Kn7xNf4x4zT9sdLO/G4hZVnQCRiMTWoSZqI/pYTVeI27oPPqHBKYI/DjJ9GsYgA=="
      },
      "Avalonia": {
        "type": "Transitive",
        "resolved": "11.3.21",
        "contentHash": "gc9uxcS1s6JFuswmcTE0h6dWfi1d9ybPvA+tkSZNH1AxR0zKoqzAn7ihwGEvSBfZBCBx9v4+MVQK2BQynM7i4g==",
        "dependencies": {
          "Avalonia.BuildServices": "11.3.2",
          "Avalonia.Remote.Protocol": "11.3.21",
          "MicroCom.Runtime": "0.11.0"
        }
      },
      "Avalonia.Angle.Windows.Natives": {
        "type": "Transitive",
        "resolved": "2.1.25547.20250602",
        "contentHash": "ZL0VLc4s9rvNNFt19Pxm5UNAkmKNylugAwJPX9ulXZ6JWs/l6XZihPWWTyezaoNOVyEPU8YbURtW7XMAtqXH5A=="
      },
      "Avalonia.AvaloniaEdit": {
        "type": "Transitive",
        "resolved": "11.4.1",
        "contentHash": "Ykn/bxPiCNE4C30GCzSi+16kFNgy1fZ+4KFjmdLtUcjQNABDSA1an5Rmsz+bt24ajdyUM/IC7xpEphhfcWY7QA==",
        "dependencies": {
          "Avalonia": "11.0.0"
        }
      },
      "Avalonia.BuildServices": {
        "type": "Transitive",
        "resolved": "11.3.2",
        "contentHash": "qHDToxto1e3hci5YqbG9n0Ty8mlp3zBUN5wT66wKqaDVzXyQ0do3EnRILd4Ke9jpvsktaPpgE0YjEk7hornryQ=="
      },
      "Avalonia.Desktop": {
        "type": "Transitive",
        "resolved": "11.3.21",
        "contentHash": "N+Iakz7zx9fLdQ+QeDgNFvFwov9QDQQTnSHPFrzMnuK8RRUJqqIPBad7njACfiqygCoOv5aMeXO6GI0m67vpOg==",
        "dependencies": {
          "Avalonia": "11.3.21",
          "Avalonia.Native": "11.3.21",
          "Avalonia.Skia": "11.3.21",
          "Avalonia.Win32": "11.3.21",
          "Avalonia.X11": "11.3.21"
        }
      },
      "Avalonia.FreeDesktop": {
        "type": "Transitive",
        "resolved": "11.3.21",
        "contentHash": "750BJKIq4I7kpp7RgjDQxkUi/J230bqXBnVBvwQ/qLqPUwOxdIacYwIQ9MWKNLbVl/C7zQ5xMVgWy8Rh+IDl+g==",
        "dependencies": {
          "Avalonia": "11.3.21",
          "Tmds.DBus.Protocol": "0.21.3"
        }
      },
      "Avalonia.Headless": {
        "type": "Transitive",
        "resolved": "11.3.21",
        "contentHash": "oV1MQQpuLFocJekZadjn13cGrvfCGrIqSTrlN/8/aM+O90G4E09IfJHwyLMIKRPsPWDht70/IVMRenuhI9RGbw==",
        "dependencies": {
          "Avalonia": "11.3.21"
        }
      },
      "Avalonia.Native": {
        "type": "Transitive",
        "resolved": "11.3.21",
        "contentHash": "9HfNj44ii5kOMao0Hd+Cy5U6wThwPpRQLlUap5lcC6Yej8RCl/YwW2evpGQP2vR/BTXNFZ+uAuWUZU86yxklyw==",
        "dependencies": {
          "Avalonia": "11.3.21"
        }
      },
      "Avalonia.Remote.Protocol": {
        "type": "Transitive",
        "resolved": "11.3.21",
        "contentHash": "E1HAj6V/65h0EjBfBs4ghomr9b9aQEGmne6mWJq4XXu6bvEowGlyzsdYU817t9TvFxahy+z0Gn0mWFUvzgznOA=="
      },
      "Avalonia.Skia": {
        "type": "Transitive",
        "resolved": "11.3.21",
        "contentHash": "uaFfDYIdV+oyz31pWeOkxcLqonEqWjoYJwa/3YZX6fsgz8iNiZciiDjBsEWfNmnewK6Chn5+nEjBjyAAqeHQOQ==",
        "dependencies": {
          "Avalonia": "11.3.21",
          "HarfBuzzSharp": "8.3.1.1",
          "HarfBuzzSharp.NativeAssets.Linux": "8.3.1.1",
          "HarfBuzzSharp.NativeAssets.WebAssembly": "8.3.1.1",
          "SkiaSharp": "2.88.9",
          "SkiaSharp.NativeAssets.Linux": "2.88.9",
          "SkiaSharp.NativeAssets.WebAssembly": "2.88.9"
        }
      },
      "Avalonia.Themes.Fluent": {
        "type": "Transitive",
        "resolved": "11.3.21",
        "contentHash": "SlIvRHwxEpkq5gm/MWEymQcCrJeg1rJy3mMNXA0q8xaenQCYJgNJLtJ/m+yMBE7EcIT8mGdUDW5Yr9Oow0ISfg==",
        "dependencies": {
          "Avalonia": "11.3.21"
        }
      },
      "Avalonia.Win32": {
        "type": "Transitive",
        "resolved": "11.3.21",
        "contentHash": "Suh3LSNn8MPT2JCppnMfViHcMY/PjlfPDtNBljqm7+0xepid5nPtqzdW9ji2WD0U9rbjNnBUCNBm6o73rGjXaQ==",
        "dependencies": {
          "Avalonia": "11.3.21",
          "Avalonia.Angle.Windows.Natives": "2.1.25547.20250602"
        }
      },
      "Avalonia.X11": {
        "type": "Transitive",
        "resolved": "11.3.21",
        "contentHash": "ADUVWCalnipytz/F1Z7FpRv2klkQNId093xNV4mVQJz05/8zqAjifd62Ouli+dpRPG79pLGUdQXalus6MPdqlA==",
        "dependencies": {
          "Avalonia": "11.3.21",
          "Avalonia.FreeDesktop": "11.3.21",
          "Avalonia.Skia": "11.3.21"
        }
      },
      "HarfBuzzSharp": {
        "type": "Transitive",
        "resolved": "8.3.1.1",
        "contentHash": "tLZN66oe/uiRPTZfrCU4i8ScVGwqHNh5MHrXj0yVf4l7Mz0FhTGnQ71RGySROTmdognAs0JtluHkL41pIabWuQ==",
        "dependencies": {
          "HarfBuzzSharp.NativeAssets.Win32": "8.3.1.1",
          "HarfBuzzSharp.NativeAssets.macOS": "8.3.1.1"
        }
      },
      "HarfBuzzSharp.NativeAssets.Linux": {
        "type": "Transitive",
        "resolved": "8.3.1.1",
        "contentHash": "3EZ1mpIiKWRLL5hUYA82ZHteeDIVaEA/Z0rA/wU6tjx6crcAkJnBPwDXZugBSfo8+J3EznvRJf49uMsqYfKrHg=="
      },
      "HarfBuzzSharp.NativeAssets.macOS": {
        "type": "Transitive",
        "resolved": "8.3.1.1",
        "contentHash": "jbtCsgftcaFLCA13tVKo5iWdElJScrulLTKJre36O4YQTIlwDtPPqhRZNk+Y0vv4D1gxbscasGRucUDfS44ofQ=="
      },
      "HarfBuzzSharp.NativeAssets.WebAssembly": {
        "type": "Transitive",
        "resolved": "8.3.1.1",
        "contentHash": "loJweK2u/mH/3C2zBa0ggJlITIszOkK64HLAZB7FUT670dTg965whLFYHDQo69NmC4+d9UN0icLC9VHidXaVCA=="
      },
      "HarfBuzzSharp.NativeAssets.Win32": {
        "type": "Transitive",
        "resolved": "8.3.1.1",
        "contentHash": "UsJtQsfAJoFDZrXc4hCUfRPMqccfKZ0iumJ/upcUjz/cmsTgVFGNEL5yaJWmkqsuFYdMWbj/En5/kS4PFl9hBA=="
      },
      "Markdig": {
        "type": "Transitive",
        "resolved": "1.3.2",
        "contentHash": "fZgOC/3CswUrndjDTac70aQpYdtxbW5+5bRumR7vzvI2HJbkmgKisB1c9oT+GA6v0jB/JDR9BLa9FiPzQmaK6A=="
      },
      "MicroCom.Runtime": {
        "type": "Transitive",
        "resolved": "0.11.0",
        "contentHash": "MEnrZ3UIiH40hjzMDsxrTyi8dtqB5ziv3iBeeU4bXsL/7NLSal9F1lZKpK+tfBRnUoDSdtcW3KufE4yhATOMCA=="
      },
      "Microsoft.CodeCoverage": {
        "type": "Transitive",
        "resolved": "18.0.1",
        "contentHash": "O+utSr97NAJowIQT/OVp3Lh9QgW/wALVTP4RG1m2AfFP4IyJmJz0ZBmFJUsRQiAPgq6IRC0t8AAzsiPIsaUDEA=="
      },
      "Microsoft.Data.Sqlite": {
        "type": "Transitive",
        "resolved": "10.0.9",
        "contentHash": "/eBwiZPcNisn0qZX+Zk4YCftlK/vnoWqv7hHnmSk8MjPxFdYYkmPObpogT0MfCCWN6oAIZnMCo0SoOtZlbbmgQ==",
        "dependencies": {
          "Microsoft.Data.Sqlite.Core": "10.0.9",
          "SQLitePCLRaw.bundle_e_sqlite3": "2.1.11",
          "SQLitePCLRaw.core": "2.1.11"
        }
      },
      "Microsoft.Data.Sqlite.Core": {
        "type": "Transitive",
        "resolved": "10.0.9",
        "contentHash": "iZrONyMKPjxfVZnUktqO30QjzNwAGH+AxM61s8lKQnVhgbQ3bn0hiXI129ZmVicEbIcwljyy2OVsIYUR51ZHKQ==",
        "dependencies": {
          "SQLitePCLRaw.core": "2.1.11"
        }
      },
      "Microsoft.TestPlatform.ObjectModel": {
        "type": "Transitive",
        "resolved": "18.0.1",
        "contentHash": "qT/mwMcLF9BieRkzOBPL2qCopl8hQu6A1P7JWAoj/FMu5i9vds/7cjbJ/LLtaiwWevWLAeD5v5wjQJ/l6jvhWQ=="
      },
      "Microsoft.TestPlatform.TestHost": {
        "type": "Transitive",
        "resolved": "18.0.1",
        "contentHash": "uDJKAEjFTaa2wHdWlfo6ektyoh+WD4/Eesrwb4FpBFKsLGehhACVnwwTI4qD3FrIlIEPlxdXg3SyrYRIcO+RRQ==",
        "dependencies": {
          "Microsoft.TestPlatform.ObjectModel": "18.0.1",
          "Newtonsoft.Json": "13.0.3"
        }
      },
      "Newtonsoft.Json": {
        "type": "Transitive",
        "resolved": "13.0.3",
        "contentHash": "HrC5BXdl00IP9zeV+0Z848QWPAoCr9P3bDEZguI+gkLcBKAOxix/tLEAAHC+UvDNPv4a2d18lOReHMOagPa+zQ=="
      },
      "SkiaSharp": {
        "type": "Transitive",
        "resolved": "2.88.9",
        "contentHash": "3MD5VHjXXieSHCleRLuaTXmL2pD0mB7CcOB1x2kA1I4bhptf4e3R27iM93264ZYuAq6mkUyX5XbcxnZvMJYc1Q==",
        "dependencies": {
          "SkiaSharp.NativeAssets.Win32": "2.88.9",
          "SkiaSharp.NativeAssets.macOS": "2.88.9"
        }
      },
      "SkiaSharp.NativeAssets.Linux": {
        "type": "Transitive",
        "resolved": "2.88.9",
        "contentHash": "cWSaJKVPWAaT/WIn9c8T5uT/l4ETwHxNJTkEOtNKjphNo8AW6TF9O32aRkxqw3l8GUdUo66Bu7EiqtFh/XG0Zg==",
        "dependencies": {
          "SkiaSharp": "2.88.9"
        }
      },
      "SkiaSharp.NativeAssets.macOS": {
        "type": "Transitive",
        "resolved": "2.88.9",
        "contentHash": "Nv5spmKc4505Ep7oUoJ5vp3KweFpeNqxpyGDWyeEPTX2uR6S6syXIm3gj75dM0YJz7NPvcix48mR5laqs8dPuA=="
      },
      "SkiaSharp.NativeAssets.WebAssembly": {
        "type": "Transitive",
        "resolved": "2.88.9",
        "contentHash": "kt06RccBHSnAs2wDYdBSfsjIDbY3EpsOVqnlDgKdgvyuRA8ZFDaHRdWNx1VHjGgYzmnFCGiTJBnXFl5BqGwGnA=="
      },
      "SkiaSharp.NativeAssets.Win32": {
        "type": "Transitive",
        "resolved": "2.88.9",
        "contentHash": "wb2kYgU7iy84nQLYZwMeJXixvK++GoIuECjU4ECaUKNuflyRlJKyiRhN1MAHswvlvzuvkrjRWlK0Za6+kYQK7w=="
      },
      "SQLitePCLRaw.bundle_e_sqlite3": {
        "type": "Transitive",
        "resolved": "2.1.13",
        "contentHash": "NlDixlC7uHmo+ojXRgkNvN0tQtVGpLDZ3x2OpgNj+G07VHh5cXSszFDrAiC4BpUiPwkcaeuQkMV9WQ123xVtmQ==",
        "dependencies": {
          "SQLitePCLRaw.lib.e_sqlite3": "2.1.13",
          "SQLitePCLRaw.provider.e_sqlite3": "2.1.13"
        }
      },
      "SQLitePCLRaw.core": {
        "type": "Transitive",
        "resolved": "2.1.13",
        "contentHash": "2joofoinuHBFs0nMX3nKuXgxpXryRkCOdM2Ua6HBqQLLy6IW+5f28ZI+HAvMyF8vG7XfNz/lwfBfE6V4juru8Q=="
      },
      "SQLitePCLRaw.lib.e_sqlite3": {
        "type": "Transitive",
        "resolved": "2.1.13",
        "contentHash": "D2UAuiGxFYBqeRXjjjGgvJ5UQifzn6wefmSqeKU7XcNGKLbJRP6X7kcPZ6opOBJGdCIlgbSxTvDpBbLvsN594A=="
      },
      "SQLitePCLRaw.provider.e_sqlite3": {
        "type": "Transitive",
        "resolved": "2.1.13",
        "contentHash": "ZU60dSqoSNRe49KcQDUmOVgdRtjITOssVXFtiISs+zJXDI4D2Sndwpn2NOtzDQNPu0ZAvpoLPQ+GLKv6iEZn8Q==",
        "dependencies": {
          "SQLitePCLRaw.core": "2.1.13"
        }
      },
      "System.Security.Cryptography.ProtectedData": {
        "type": "Transitive",
        "resolved": "10.0.12",
        "contentHash": "wO0W8VDMeRJZakRySOmemAnrBZMwEFRlbfBtATxUiLf2I3IhSRnCp1Vt157NWptdE4IJ7eftd5n8q9LtaKHFTQ=="
      },
      "Tmds.DBus.Protocol": {
        "type": "Transitive",
        "resolved": "0.21.3",
        "contentHash": "hDwB8WsQoyALQKqIbwzS68UKdlnafDm4T/DkO/JrA/YIneP/rKv96SxYPVXeh3FP4i/SXfShrYftKLtciJAIlw=="
      },
      "xunit.abstractions": {
        "type": "Transitive",
        "resolved": "2.0.3",
        "contentHash": "pot1I4YOxlWjIb5jmwvvQNbTrZ3lJQ+jUGkGjWE3hEFM0l5gOnBWS+H3qsex68s5cO52g+44vpGzhAt+42vwKg=="
      },
      "xunit.analyzers": {
        "type": "Transitive",
        "resolved": "1.18.0",
        "contentHash": "OtFMHN8yqIcYP9wcVIgJrq01AfTxijjAqVDy/WeQVSyrDC1RzBWeQPztL49DN2syXRah8TYnfvk035s7L95EZQ=="
      },
      "xunit.assert": {
        "type": "Transitive",
        "resolved": "2.9.3",
        "contentHash": "/Kq28fCE7MjOV42YLVRAJzRF0WmEqsmflm0cfpMjGtzQ2lR5mYVj1/i0Y8uDAOLczkL3/jArrwehfMD0YogMAA=="
      },
      "xunit.core": {
        "type": "Transitive",
        "resolved": "2.9.3",
        "contentHash": "BiAEvqGvyme19wE0wTKdADH+NloYqikiU0mcnmiNyXaF9HyHmE6sr/3DC5vnBkgsWaE6yPyWszKSPSApWdRVeQ==",
        "dependencies": {
          "xunit.extensibility.core": "[2.9.3]",
          "xunit.extensibility.execution": "[2.9.3]"
        }
      },
      "xunit.extensibility.core": {
        "type": "Transitive",
        "resolved": "2.9.3",
        "contentHash": "kf3si0YTn2a8J8eZNb+zFpwfoyvIrQ7ivNk5ZYA5yuYk1bEtMe4DxJ2CF/qsRgmEnDr7MnW1mxylBaHTZ4qErA==",
        "dependencies": {
          "xunit.abstractions": "2.0.3"
        }
      },
      "xunit.extensibility.execution": {
        "type": "Transitive",
        "resolved": "2.9.3",
        "contentHash": "yMb6vMESlSrE3Wfj7V6cjQ3S4TXdXpRqYeNEI3zsX31uTsGMJjEw6oD5F5u1cHnMptjhEECnmZSsPxB6ChZHDQ==",
        "dependencies": {
          "xunit.extensibility.core": "[2.9.3]"
        }
      },
      "YDotNet": {
        "type": "Transitive",
        "resolved": "0.6.0",
        "contentHash": "ipfaBgtyAbBAYuZfWjoNumCgzZPI7/cfhdP0ExFb03hQ3aZoDj5RNFYUtwCq85UnSFcSZpNyYNJlgsoHDkBN7Q=="
      },
      "YDotNet.Native.Linux": {
        "type": "Transitive",
        "resolved": "0.6.0",
        "contentHash": "NnSpDldOD5Qt2QRtoIZNDJXzN6HGHgSdwfwchhj3Dkn4wEAfaK+xc4d512bcwUQ8EQQKuT9WdQ17LX8Qab6MJQ=="
      },
      "YDotNet.Native.Win32": {
        "type": "Transitive",
        "resolved": "0.6.0",
        "contentHash": "J0xznWzlSntF19qvbLxYqUX7xGeitjcBEM4N/bQ8rk57yFR+h6yNXxKQbGCYQsRBh+N7xRe6WMZmwdi5RB7++Q=="
      },
      "writeme.core": {
        "type": "Project",
        "dependencies": {
          "Markdig": "[1.3.2, )",
          "Microsoft.Data.Sqlite": "[10.0.9, )",
          "SQLitePCLRaw.bundle_e_sqlite3": "[2.1.13, )",
          "YDotNet": "[0.6.0, )"
        }
      },
      "WriteME.Native": {
        "type": "Project",
        "dependencies": {
          "Avalonia.AvaloniaEdit": "[11.4.1, )",
          "Avalonia.Desktop": "[11.3.21, )",
          "Avalonia.Themes.Fluent": "[11.3.21, )",
          "System.Security.Cryptography.ProtectedData": "[10.0.12, )",
          "WriteMe.Core": "[1.0.0, )",
          "YDotNet.Native.Win32": "[0.6.0, )"
        }
      },
      "writeme.syncserver": {
        "type": "Project",
        "dependencies": {
          "WriteMe.Core": "[1.0.0, )",
          "YDotNet.Native.Linux": "[0.6.0, )",
          "YDotNet.Native.Win32": "[0.6.0, )"
        }
      }
    }
  }
}